
Microsoft Visual Studio Solution File, Format Version 12.00
# Visual Studio Version 16
VisualStudioVersion = 16.0.31019.35
MinimumVisualStudioVersion = 10.0.40219.1
Project("{FAE04EC0-301F-11D3-BF4B-00C04F79EFBC}") = "Adventura.WebAPI", "Adventura.WebAPI\Adventura.WebAPI.csproj", "{C708BB12-B5B4-4241-9CEC-205B82584BB1}"
EndProject
Project("{FAE04EC0-301F-11D3-BF4B-00C04F79EFBC}") = "Adventura.Data", "Adventura.Data\Adventura.Data.csproj", "{884A3A48-7E71-4CF7-8DB4-5D62B2E5C7AA}"
EndProject
Project("{FAE04EC0-301F-11D3-BF4B-00C04F79EFBC}") = "Adventura.Models", "Adventura.Models\Adventura.Models.csproj", "{B880A7B1-DE57-4394-86DE-8938CF217BDA}"
EndProject
Project("{FAE04EC0-301F-11D3-BF4B-00C04F79EFBC}") = "Adventura.Services", "Adventura.Services\Adventura.Services.csproj", "{55116F68-330C-40F1-9189-21513B420349}"
EndProject
Global
	GlobalSection(SolutionConfigurationPlatforms) = preSolution
		Debug|Any CPU = Debug|Any CPU
		Release|Any CPU = Release|Any CPU
	EndGlobalSection
	GlobalSection(ProjectConfigurationPlatforms) = postSolution
		{C708BB12-B5B4-4241-9CEC-205B82584BB1}.Debug|Any CPU.ActiveCfg = Debug|Any CPU
		{C708BB12-B5B4-4241-9CEC-205B82584BB1}.Debug|Any CPU.Build.0 = Debug|Any CPU
		{C708BB12-B5B4-4241-9CEC-205B82584BB1}.Release|Any CPU.ActiveCfg = Release|Any CPU
		{C708BB12-B5B4-4241-9CEC-205B82584BB1}.Release|Any CPU.Build.0 = Release|Any CPU
		{884A3A48-7E71-4CF7-8DB4-5D62B2E5C7AA}.Debug|Any CPU.ActiveCfg = Debug|Any CPU
		{884A3A48-7E71-4CF7-8DB4-5D62B2E5C7AA}.Debug|Any CPU.Build.0 = Debug|Any CPU
		{884A3A48-7E71-4CF7-8DB4-5D62B2E5C7AA}.Release|Any CPU.ActiveCfg = Release|Any CPU
		{884A3A48-7E71-4CF7-8DB4-5D62B2E5C7AA}.Release|Any CPU.Build.0 = Release|Any CPU
		{B880A7B1-DE57-4394-86DE-8938CF217BDA}.Debug|Any CPU.ActiveCfg = Debug|Any CPU
		{B880A7B1-DE57-4394-86DE-8938CF217BDA}.Debug|Any CPU.Build.0 = Debug|Any CPU
		{B880A7B1-DE57-4394-86DE-8938CF217BDA}.Release|Any CPU.ActiveCfg = Release|Any CPU
		{B880A7B1-DE57-4394-86DE-8938CF217BDA}.Release|Any CPU.Build.0 = Release|Any CPU
		{55116F68-330C-40F1-9189-21513B420349}.Debug|Any CPU.ActiveCfg = Debug|Any CPU
		{55116F68-330C-40F1-9189-21513B420349}.Debug|Any CPU.Build.0 = Debug|Any CPU
		{55116F68-330C-40F1-9189-21513B420349}.Release|Any CPU.ActiveCfg = Release|Any CPU
		{55116F68-330C-40F1-9189-21513B420349}.Release|Any CPU.Build.0 = Release|Any CPU
	EndGlobalSection
	GlobalSection(SolutionProperties) = preSolution
		HideSolutionNode = FALSE
	EndGlobalSection
	GlobalSection(ExtensibilityGlobals) = postSolution
		SolutionGuid = {53DEE250-EA88-46A9-B0BF-DFD441573213}
	EndGlobalSection
EndGlobal
